{
  "name": "@hia-doc/hia-dotnetdoc-workspace",
  "version": "0.1.4",
  "lockfileVersion": 3,
  "requires": true,
  "packages": {
    "": {
      "name": "@hia-doc/hia-dotnetdoc-workspace",
      "version": "0.1.4",
      "license": "MIT",
      "workspaces": [
        "packages/*"
      ],
      "dependencies": {
        "fast-xml-parser": "5.3.2"
      },
      "engines": {
        "node": ">=20.19.0"
      }
    },
    "node_modules/@hia-doc/dotnet-source-extractor": {
      "resolved": "packages/dotnet-source-extractor",
      "link": true
    },
    "node_modules/@hia-doc/dotnet-xml-doc-extractor": {
      "resolved": "packages/dotnet-xml-doc-extractor",
      "link": true
    },
    "node_modules/@hia-doc/dotnetdoc-adapter": {
      "resolved": "packages/dotnetdoc-adapter",
      "link": true
    },
    "node_modules/@hia-doc/dotnetdoc-producer": {
      "resolved": "packages/dotnetdoc-producer",
      "link": true
    },
    "node_modules/@hia-doc/dotnetdoc-runner": {
      "resolved": "packages/dotnetdoc-runner",
      "link": true
    },
    "node_modules/@hia-doc/dotnetdoc-spec": {
      "resolved": "packages/dotnetdoc-spec",
      "link": true
    },
    "node_modules/anynum": {
      "version": "1.0.1",
      "funding": [
        {
          "type": "github",
          "url": "https://github.com/sponsors/NaturalIntelligence"
        }
      ],
      "license": "MIT"
    },
    "node_modules/fast-xml-parser": {
      "version": "5.3.2",
      "funding": [
        {
          "type": "github",
          "url": "https://github.com/sponsors/NaturalIntelligence"
        }
      ],
      "license": "MIT",
      "dependencies": {
        "strnum": "^2.1.0"
      },
      "bin": {
        "fxparser": "src/cli/cli.js"
      }
    },
    "node_modules/strnum": {
      "version": "2.4.1",
      "funding": [
        {
          "type": "github",
          "url": "https://github.com/sponsors/NaturalIntelligence"
        }
      ],
      "license": "MIT",
      "dependencies": {
        "anynum": "^1.0.1"
      }
    },
    "packages/dotnet-source-extractor": {
      "name": "@hia-doc/dotnet-source-extractor",
      "version": "0.1.4",
      "license": "MIT",
      "dependencies": {
        "@hia-doc/dotnet-xml-doc-extractor": "0.1.4",
        "@hia-doc/dotnetdoc-spec": "0.1.4",
        "fast-xml-parser": "5.3.2"
      }
    },
    "packages/dotnet-xml-doc-extractor": {
      "name": "@hia-doc/dotnet-xml-doc-extractor",
      "version": "0.1.4",
      "license": "MIT",
      "dependencies": {
        "@hia-doc/dotnetdoc-spec": "0.1.4",
        "fast-xml-parser": "5.3.2"
      }
    },
    "packages/dotnetdoc-adapter": {
      "name": "@hia-doc/dotnetdoc-adapter",
      "version": "0.1.4",
      "license": "MIT",
      "dependencies": {
        "@hia-doc/dotnetdoc-spec": "0.1.4"
      }
    },
    "packages/dotnetdoc-producer": {
      "name": "@hia-doc/dotnetdoc-producer",
      "version": "0.1.4",
      "license": "MIT",
      "dependencies": {
        "@hia-doc/dotnetdoc-runner": "0.1.4"
      }
    },
    "packages/dotnetdoc-runner": {
      "name": "@hia-doc/dotnetdoc-runner",
      "version": "0.1.4",
      "license": "MIT",
      "dependencies": {
        "@hia-doc/dotnet-source-extractor": "0.1.4",
        "@hia-doc/dotnet-xml-doc-extractor": "0.1.4",
        "@hia-doc/dotnetdoc-adapter": "0.1.4",
        "@hia-doc/dotnetdoc-spec": "0.1.4"
      },
      "bin": {
        "dotnetdoc": "src/cli.mjs",
        "hia-dotnetdoc": "src/cli.mjs"
      }
    },
    "packages/dotnetdoc-spec": {
      "name": "@hia-doc/dotnetdoc-spec",
      "version": "0.1.4",
      "license": "MIT"
    }
  }
}
