{
  "name": "@hia-doc/hia-dotnetdoc-workspace",
  "version": "0.0.0",
  "lockfileVersion": 3,
  "requires": true,
  "packages": {
    "": {
      "name": "@hia-doc/hia-dotnetdoc-workspace",
      "version": "0.0.0",
      "license": "MIT",
      "workspaces": [
        "packages/*"
      ],
      "dependencies": {
        "fast-xml-parser": "5.3.2"
      },
      "engines": {
        "node": ">=20.19.0"
      }
    },
    "node_modules/@hia-doc/dotnet-source-extractor": {
      "resolved": "packages/dotnet-source-extractor",
      "link": true
    },
    "node_modules/@hia-doc/dotnet-xml-doc-extractor": {
      "resolved": "packages/dotnet-xml-doc-extractor",
      "link": true
    },
    "node_modules/@hia-doc/dotnetdoc-adapter": {
      "resolved": "packages/dotnetdoc-adapter",
      "link": true
    },
    "node_modules/@hia-doc/dotnetdoc-producer": {
      "resolved": "packages/dotnetdoc-producer",
      "link": true
    },
    "node_modules/@hia-doc/dotnetdoc-runner": {
      "resolved": "packages/dotnetdoc-runner",
      "link": true
    },
    "node_modules/@hia-doc/dotnetdoc-spec": {
      "resolved": "packages/dotnetdoc-spec",
      "link": true
    },
    "node_modules/anynum": {
      "version": "1.0.1",
      "resolved": "https://registry.npmmirror.com/anynum/-/anynum-1.0.1.tgz",
      "integrity": "sha512-N6//FLET/tXYNM/F6ABca1oH6fWB+KlTt909Le28WMDBk8oaT4vY17DCrwg2MvmuqUKt3Ni4N5dGJ/EoBgcO6A==",
      "funding": [
        {
          "type": "github",
          "url": "https://github.com/sponsors/NaturalIntelligence"
        }
      ]
    },
    "node_modules/fast-xml-parser": {
      "version": "5.3.2",
      "resolved": "https://registry.npmmirror.com/fast-xml-parser/-/fast-xml-parser-5.3.2.tgz",
      "integrity": "sha512-n8v8b6p4Z1sMgqRmqLJm3awW4NX7NkaKPfb3uJIBTSH7Pdvufi3PQ3/lJLQrvxcMYl7JI2jnDO90siPEpD8JBA==",
      "funding": [
        {
          "type": "github",
          "url": "https://github.com/sponsors/NaturalIntelligence"
        }
      ],
      "dependencies": {
        "strnum": "^2.1.0"
      },
      "bin": {
        "fxparser": "src/cli/cli.js"
      }
    },
    "node_modules/strnum": {
      "version": "2.4.1",
      "resolved": "https://registry.npmmirror.com/strnum/-/strnum-2.4.1.tgz",
      "integrity": "sha512-M9eUSMT2dCB2cTNPG7UYj6KuK7RJR2SN2+yCV/fTW3xzTCS6EaGZ5pSMgDIjB7r8zSfTGk+dvvn9rTjpVS9Mwg==",
      "funding": [
        {
          "type": "github",
          "url": "https://github.com/sponsors/NaturalIntelligence"
        }
      ],
      "dependencies": {
        "anynum": "^1.0.1"
      }
    },
    "packages/dotnet-source-extractor": {
      "version": "0.0.0",
      "license": "MIT",
      "dependencies": {
        "@hia-doc/dotnetdoc-spec": "0.0.0"
      }
    },
    "packages/dotnet-xml-doc-extractor": {
      "name": "@hia-doc/dotnet-xml-doc-extractor",
      "version": "0.0.0",
      "license": "MIT",
      "dependencies": {
        "@hia-doc/dotnetdoc-spec": "0.0.0",
        "fast-xml-parser": "5.3.2"
      }
    },
    "packages/dotnetdoc-adapter": {
      "name": "@hia-doc/dotnetdoc-adapter",
      "version": "0.0.0",
      "license": "MIT",
      "dependencies": {
        "@hia-doc/dotnetdoc-spec": "0.0.0"
      }
    },
    "packages/dotnetdoc-producer": {
      "name": "@hia-doc/dotnetdoc-producer",
      "version": "0.0.0",
      "license": "MIT",
      "dependencies": {
        "@hia-doc/dotnetdoc-runner": "0.0.0"
      }
    },
    "packages/dotnetdoc-runner": {
      "name": "@hia-doc/dotnetdoc-runner",
      "version": "0.0.0",
      "license": "MIT",
      "dependencies": {
        "@hia-doc/dotnet-source-extractor": "0.0.0",
        "@hia-doc/dotnet-xml-doc-extractor": "0.0.0",
        "@hia-doc/dotnetdoc-adapter": "0.0.0",
        "@hia-doc/dotnetdoc-spec": "0.0.0"
      },
      "bin": {
        "dotnetdoc": "src/cli.mjs",
        "hia-dotnetdoc": "src/cli.mjs"
      }
    },
    "packages/dotnetdoc-spec": {
      "name": "@hia-doc/dotnetdoc-spec",
      "version": "0.0.0",
      "license": "MIT"
    }
  }
}
